
Microsoft Visual Studio Solution File, Format Version 12.00
# Visual Studio 15
Project("{FAE04EC0-301F-11D3-BF4B-00C04F79EFBC}") = "Assembly-CSharp", "Assembly-CSharp.csproj", "{B3C002E1-6620-68CE-AC40-CEC319683875}"
EndProject
Project("{FAE04EC0-301F-11D3-BF4B-00C04F79EFBC}") = "Assembly-CSharp-Editor", "Assembly-CSharp-Editor.csproj", "{7CF4A939-9CA4-AB00-969A-0AB31E2B2D98}"
EndProject
Global
	GlobalSection(SolutionConfigurationPlatforms) = preSolution
		Debug|Any CPU = Debug|Any CPU
		Release|Any CPU = Release|Any CPU
	EndGlobalSection
	GlobalSection(ProjectConfigurationPlatforms) = postSolution
		{B3C002E1-6620-68CE-AC40-CEC319683875}.Debug|Any CPU.ActiveCfg = Debug|Any CPU
		{B3C002E1-6620-68CE-AC40-CEC319683875}.Debug|Any CPU.Build.0 = Debug|Any CPU
		{B3C002E1-6620-68CE-AC40-CEC319683875}.Release|Any CPU.ActiveCfg = Release|Any CPU
		{B3C002E1-6620-68CE-AC40-CEC319683875}.Release|Any CPU.Build.0 = Release|Any CPU
		{7CF4A939-9CA4-AB00-969A-0AB31E2B2D98}.Debug|Any CPU.ActiveCfg = Debug|Any CPU
		{7CF4A939-9CA4-AB00-969A-0AB31E2B2D98}.Debug|Any CPU.Build.0 = Debug|Any CPU
		{7CF4A939-9CA4-AB00-969A-0AB31E2B2D98}.Release|Any CPU.ActiveCfg = Release|Any CPU
		{7CF4A939-9CA4-AB00-969A-0AB31E2B2D98}.Release|Any CPU.Build.0 = Release|Any CPU
	EndGlobalSection
	GlobalSection(SolutionProperties) = preSolution
		HideSolutionNode = FALSE
	EndGlobalSection
EndGlobal
